
Microsoft Visual Studio Solution File, Format Version 12.00
# Visual Studio Version 17
VisualStudioVersion = 17.1.32407.343
MinimumVisualStudioVersion = 10.0.40219.1
Project("{FAE04EC0-301F-11D3-BF4B-00C04F79EFBC}") = "Parametre", "Parametre\Parametre.csproj", "{4BFAE3F8-4566-42E9-98A2-E84C1941BBFF}"
EndProject
Global
	GlobalSection(SolutionConfigurationPlatforms) = preSolution
		Debug|Any CPU = Debug|Any CPU
		Release|Any CPU = Release|Any CPU
	EndGlobalSection
	GlobalSection(ProjectConfigurationPlatforms) = postSolution
		{4BFAE3F8-4566-42E9-98A2-E84C1941BBFF}.Debug|Any CPU.ActiveCfg = Debug|Any CPU
		{4BFAE3F8-4566-42E9-98A2-E84C1941BBFF}.Debug|Any CPU.Build.0 = Debug|Any CPU
		{4BFAE3F8-4566-42E9-98A2-E84C1941BBFF}.Release|Any CPU.ActiveCfg = Release|Any CPU
		{4BFAE3F8-4566-42E9-98A2-E84C1941BBFF}.Release|Any CPU.Build.0 = Release|Any CPU
	EndGlobalSection
	GlobalSection(SolutionProperties) = preSolution
		HideSolutionNode = FALSE
	EndGlobalSection
	GlobalSection(ExtensibilityGlobals) = postSolution
		SolutionGuid = {BFE02C36-D2FC-45D9-9D6E-24A820B27A98}
	EndGlobalSection
EndGlobal
